
Microsoft Visual Studio Solution File, Format Version 12.00
# Visual Studio 14
VisualStudioVersion = 14.0.23107.0
MinimumVisualStudioVersion = 10.0.40219.1
Project("{E24C65DC-7377-472B-9ABA-BC803B73C61A}") = "Calculator", "..\..\..\..\Annappa\Source\Repo\Calculator\", "{30DBEC75-0EAA-4656-A86D-DEE4BA87C32E}"
	ProjectSection(WebsiteProperties) = preProject
		TargetFrameworkMoniker = ".NETFramework,Version%3Dv4.5.2"
		Debug.AspNetCompiler.VirtualPath = "/localhost_51260"
		Debug.AspNetCompiler.PhysicalPath = "..\..\..\..\Annappa\Source\Repo\Calculator\"
		Debug.AspNetCompiler.TargetPath = "PrecompiledWeb\localhost_51260\"
		Debug.AspNetCompiler.Updateable = "true"
		Debug.AspNetCompiler.ForceOverwrite = "true"
		Debug.AspNetCompiler.FixedNames = "false"
		Debug.AspNetCompiler.Debug = "True"
		Release.AspNetCompiler.VirtualPath = "/localhost_51260"
		Release.AspNetCompiler.PhysicalPath = "..\..\..\..\Annappa\Source\Repo\Calculator\"
		Release.AspNetCompiler.TargetPath = "PrecompiledWeb\localhost_51260\"
		Release.AspNetCompiler.Updateable = "true"
		Release.AspNetCompiler.ForceOverwrite = "true"
		Release.AspNetCompiler.FixedNames = "false"
		Release.AspNetCompiler.Debug = "False"
		VWDPort = "51260"
		SlnRelativePath = "..\..\..\..\Annappa\Source\Repo\Calculator\"
		DefaultWebSiteLanguage = "Visual C#"
	EndProjectSection
EndProject
Global
	GlobalSection(SolutionConfigurationPlatforms) = preSolution
		Debug|Any CPU = Debug|Any CPU
	EndGlobalSection
	GlobalSection(ProjectConfigurationPlatforms) = postSolution
		{30DBEC75-0EAA-4656-A86D-DEE4BA87C32E}.Debug|Any CPU.ActiveCfg = Debug|Any CPU
		{30DBEC75-0EAA-4656-A86D-DEE4BA87C32E}.Debug|Any CPU.Build.0 = Debug|Any CPU
	EndGlobalSection
	GlobalSection(SolutionProperties) = preSolution
		HideSolutionNode = FALSE
	EndGlobalSection
EndGlobal
